// !$*UTF8*$!
{
	archiveVersion = 1;
	classes = {
	};
	objectVersion = 46;
	objects = {

/* Begin PBXBuildFile section */
		4D3B51031C484FBC00801668 /* AppDelegate.swift in Sources */ = {isa = PBXBuildFile; fileRef = 4D3B51021C484FBC00801668 /* AppDelegate.swift */; };
		4D3B51051C484FBC00801668 /* ViewController.swift in Sources */ = {isa = PBXBuildFile; fileRef = 4D3B51041C484FBC00801668 /* ViewController.swift */; };
		4D3B51081C484FBC00801668 /* Main.storyboard in Resources */ = {isa = PBXBuildFile; fileRef = 4D3B51061C484FBC00801668 /* Main.storyboard */; };
		4D3B510A1C484FBC00801668 /* Assets.xcassets in Resources */ = {isa = PBXBuildFile; fileRef = 4D3B51091C484FBC00801668 /* Assets.xcassets */; };
		4D3B510D1C484FBC00801668 /* LaunchScreen.storyboard in Resources */ = {isa = PBXBuildFile; fileRef = 4D3B510B1C484FBC00801668 /* LaunchScreen.storyboard */; };
		4D3B51191C48515D00801668 /* KYDrawerController.swift in Sources */ = {isa = PBXBuildFile; fileRef = 4D3B51161C48515D00801668 /* KYDrawerController.swift */; };
		4D3B511A1C48515D00801668 /* KYEmbedDrawerControllerSegue.swift in Sources */ = {isa = PBXBuildFile; fileRef = 4D3B51171C48515D00801668 /* KYEmbedDrawerControllerSegue.swift */; };
		4D3B511B1C48515D00801668 /* KYEmbedMainControllerSegue.swift in Sources */ = {isa = PBXBuildFile; fileRef = 4D3B51181C48515D00801668 /* KYEmbedMainControllerSegue.swift */; };
		4D3B511F1C48674F00801668 /* MenuTableViewController.swift in Sources */ = {isa = PBXBuildFile; fileRef = 4D3B511E1C48674F00801668 /* MenuTableViewController.swift */; };
		4D3B51211C4868F500801668 /* DashboardViewController.swift in Sources */ = {isa = PBXBuildFile; fileRef = 4D3B51201C4868F500801668 /* DashboardViewController.swift */; };
		4D3B51251C4A647900801668 /* img_perfil.png in Resources */ = {isa = PBXBuildFile; fileRef = 4D3B51241C4A647900801668 /* img_perfil.png */; };
		4D3B51281C4A64EA00801668 /* PerfilTableViewCell.swift in Sources */ = {isa = PBXBuildFile; fileRef = 4D3B51271C4A64EA00801668 /* PerfilTableViewCell.swift */; };
		4D3B512B1C4A664600801668 /* Pessoa.swift in Sources */ = {isa = PBXBuildFile; fileRef = 4D3B512A1C4A664600801668 /* Pessoa.swift */; };
		4D3B512D1C4A6CDA00801668 /* MenuTableViewCell.swift in Sources */ = {isa = PBXBuildFile; fileRef = 4D3B512C1C4A6CDA00801668 /* MenuTableViewCell.swift */; };
		4D3B51381C4A6D8600801668 /* ico_dashboard.png in Resources */ = {isa = PBXBuildFile; fileRef = 4D3B51301C4A6D8600801668 /* ico_dashboard.png */; };
		4D3B51391C4A6D8600801668 /* ico_sobre_o_app.png in Resources */ = {isa = PBXBuildFile; fileRef = 4D3B51311C4A6D8600801668 /* ico_sobre_o_app.png */; };
		4D3B513A1C4A6D8600801668 /* ico_minha_conta.png in Resources */ = {isa = PBXBuildFile; fileRef = 4D3B51321C4A6D8600801668 /* ico_minha_conta.png */; };
		4D3B513B1C4A6D8600801668 /* ico_notificacoes.png in Resources */ = {isa = PBXBuildFile; fileRef = 4D3B51331C4A6D8600801668 /* ico_notificacoes.png */; };
		4D3B513C1C4A6D8600801668 /* ico_mensagem.png in Resources */ = {isa = PBXBuildFile; fileRef = 4D3B51341C4A6D8600801668 /* ico_mensagem.png */; };
		4D3B513D1C4A6D8600801668 /* ico_afiliados.png in Resources */ = {isa = PBXBuildFile; fileRef = 4D3B51351C4A6D8600801668 /* ico_afiliados.png */; };
		4D3B513E1C4A6D8600801668 /* ico_meus_produtos.png in Resources */ = {isa = PBXBuildFile; fileRef = 4D3B51361C4A6D8600801668 /* ico_meus_produtos.png */; };
		4D3B513F1C4A6D8600801668 /* ico_minhas_vendas.png in Resources */ = {isa = PBXBuildFile; fileRef = 4D3B51371C4A6D8600801668 /* ico_minhas_vendas.png */; };
/* End PBXBuildFile section */

/* Begin PBXFileReference section */
		4D3B50FF1C484FBC00801668 /* Teste desenvolvedor iOS.app */ = {isa = PBXFileReference; explicitFileType = wrapper.application; includeInIndex = 0; path = "Teste desenvolvedor iOS.app"; sourceTree = BUILT_PRODUCTS_DIR; };
		4D3B51021C484FBC00801668 /* AppDelegate.swift */ = {isa = PBXFileReference; lastKnownFileType = sourcecode.swift; path = AppDelegate.swift; sourceTree = "<group>"; };
		4D3B51041C484FBC00801668 /* ViewController.swift */ = {isa = PBXFileReference; lastKnownFileType = sourcecode.swift; path = ViewController.swift; sourceTree = "<group>"; };
		4D3B51071C484FBC00801668 /* Base */ = {isa = PBXFileReference; lastKnownFileType = file.storyboard; name = Base; path = Base.lproj/Main.storyboard; sourceTree = "<group>"; };
		4D3B51091C484FBC00801668 /* Assets.xcassets */ = {isa = PBXFileReference; lastKnownFileType = folder.assetcatalog; path = Assets.xcassets; sourceTree = "<group>"; };
		4D3B510C1C484FBC00801668 /* Base */ = {isa = PBXFileReference; lastKnownFileType = file.storyboard; name = Base; path = Base.lproj/LaunchScreen.storyboard; sourceTree = "<group>"; };
		4D3B510E1C484FBC00801668 /* Info.plist */ = {isa = PBXFileReference; lastKnownFileType = text.plist.xml; path = Info.plist; sourceTree = "<group>"; };
		4D3B51161C48515D00801668 /* KYDrawerController.swift */ = {isa = PBXFileReference; fileEncoding = 4; lastKnownFileType = sourcecode.swift; path = KYDrawerController.swift; sourceTree = "<group>"; };
		4D3B51171C48515D00801668 /* KYEmbedDrawerControllerSegue.swift */ = {isa = PBXFileReference; fileEncoding = 4; lastKnownFileType = sourcecode.swift; path = KYEmbedDrawerControllerSegue.swift; sourceTree = "<group>"; };
		4D3B51181C48515D00801668 /* KYEmbedMainControllerSegue.swift */ = {isa = PBXFileReference; fileEncoding = 4; lastKnownFileType = sourcecode.swift; path = KYEmbedMainControllerSegue.swift; sourceTree = "<group>"; };
		4D3B511E1C48674F00801668 /* MenuTableViewController.swift */ = {isa = PBXFileReference; fileEncoding = 4; lastKnownFileType = sourcecode.swift; path = MenuTableViewController.swift; sourceTree = "<group>"; };
		4D3B51201C4868F500801668 /* DashboardViewController.swift */ = {isa = PBXFileReference; fileEncoding = 4; lastKnownFileType = sourcecode.swift; path = DashboardViewController.swift; sourceTree = "<group>"; };
		4D3B51241C4A647900801668 /* img_perfil.png */ = {isa = PBXFileReference; lastKnownFileType = image.png; path = img_perfil.png; sourceTree = "<group>"; };
		4D3B51271C4A64EA00801668 /* PerfilTableViewCell.swift */ = {isa = PBXFileReference; fileEncoding = 4; lastKnownFileType = sourcecode.swift; path = PerfilTableViewCell.swift; sourceTree = "<group>"; };
		4D3B512A1C4A664600801668 /* Pessoa.swift */ = {isa = PBXFileReference; fileEncoding = 4; lastKnownFileType = sourcecode.swift; path = Pessoa.swift; sourceTree = "<group>"; };
		4D3B512C1C4A6CDA00801668 /* MenuTableViewCell.swift */ = {isa = PBXFileReference; fileEncoding = 4; lastKnownFileType = sourcecode.swift; path = MenuTableViewCell.swift; sourceTree = "<group>"; };
		4D3B51301C4A6D8600801668 /* ico_dashboard.png */ = {isa = PBXFileReference; lastKnownFileType = image.png; path = ico_dashboard.png; sourceTree = "<group>"; };
		4D3B51311C4A6D8600801668 /* ico_sobre_o_app.png */ = {isa = PBXFileReference; lastKnownFileType = image.png; path = ico_sobre_o_app.png; sourceTree = "<group>"; };
		4D3B51321C4A6D8600801668 /* ico_minha_conta.png */ = {isa = PBXFileReference; lastKnownFileType = image.png; path = ico_minha_conta.png; sourceTree = "<group>"; };
		4D3B51331C4A6D8600801668 /* ico_notificacoes.png */ = {isa = PBXFileReference; lastKnownFileType = image.png; path = ico_notificacoes.png; sourceTree = "<group>"; };
		4D3B51341C4A6D8600801668 /* ico_mensagem.png */ = {isa = PBXFileReference; lastKnownFileType = image.png; path = ico_mensagem.png; sourceTree = "<group>"; };
		4D3B51351C4A6D8600801668 /* ico_afiliados.png */ = {isa = PBXFileReference; lastKnownFileType = image.png; path = ico_afiliados.png; sourceTree = "<group>"; };
		4D3B51361C4A6D8600801668 /* ico_meus_produtos.png */ = {isa = PBXFileReference; lastKnownFileType = image.png; path = ico_meus_produtos.png; sourceTree = "<group>"; };
		4D3B51371C4A6D8600801668 /* ico_minhas_vendas.png */ = {isa = PBXFileReference; lastKnownFileType = image.png; path = ico_minhas_vendas.png; sourceTree = "<group>"; };
/* End PBXFileReference section */

/* Begin PBXFrameworksBuildPhase section */
		4D3B50FC1C484FBC00801668 /* Frameworks */ = {
			isa = PBXFrameworksBuildPhase;
			buildActionMask = 2147483647;
			files = (
			);
			runOnlyForDeploymentPostprocessing = 0;
		};
/* End PBXFrameworksBuildPhase section */

/* Begin PBXGroup section */
		4D3B50F61C484FBC00801668 = {
			isa = PBXGroup;
			children = (
				4D3B51011C484FBC00801668 /* Teste desenvolvedor iOS */,
				4D3B51001C484FBC00801668 /* Products */,
			);
			sourceTree = "<group>";
		};
		4D3B51001C484FBC00801668 /* Products */ = {
			isa = PBXGroup;
			children = (
				4D3B50FF1C484FBC00801668 /* Teste desenvolvedor iOS.app */,
			);
			name = Products;
			sourceTree = "<group>";
		};
		4D3B51011C484FBC00801668 /* Teste desenvolvedor iOS */ = {
			isa = PBXGroup;
			children = (
				4D3B51291C4A663000801668 /* Entidades */,
				4D3B51261C4A64C800801668 /* Cells */,
				4D3B511D1C48672800801668 /* Controllers */,
				4D3B510E1C484FBC00801668 /* Info.plist */,
				4D3B51021C484FBC00801668 /* AppDelegate.swift */,
				4D3B51041C484FBC00801668 /* ViewController.swift */,
				4D3B51091C484FBC00801668 /* Assets.xcassets */,
				4D3B51141C48510800801668 /* Bibliotecas */,
				4D3B511C1C48571E00801668 /* Imagens */,
				4D3B510B1C484FBC00801668 /* LaunchScreen.storyboard */,
				4D3B51061C484FBC00801668 /* Main.storyboard */,
			);
			path = "Teste desenvolvedor iOS";
			sourceTree = "<group>";
		};
		4D3B51141C48510800801668 /* Bibliotecas */ = {
			isa = PBXGroup;
			children = (
				4D3B51151C48511B00801668 /* KYDrawerController */,
			);
			name = Bibliotecas;
			sourceTree = "<group>";
		};
		4D3B51151C48511B00801668 /* KYDrawerController */ = {
			isa = PBXGroup;
			children = (
				4D3B51161C48515D00801668 /* KYDrawerController.swift */,
				4D3B51171C48515D00801668 /* KYEmbedDrawerControllerSegue.swift */,
				4D3B51181C48515D00801668 /* KYEmbedMainControllerSegue.swift */,
			);
			name = KYDrawerController;
			sourceTree = "<group>";
		};
		4D3B511C1C48571E00801668 /* Imagens */ = {
			isa = PBXGroup;
			children = (
				4D3B51231C4A646E00801668 /* Outras */,
				4D3B51221C4A646600801668 /* Icones */,
			);
			name = Imagens;
			sourceTree = "<group>";
		};
		4D3B511D1C48672800801668 /* Controllers */ = {
			isa = PBXGroup;
			children = (
				4D3B511E1C48674F00801668 /* MenuTableViewController.swift */,
				4D3B51201C4868F500801668 /* DashboardViewController.swift */,
			);
			name = Controllers;
			sourceTree = "<group>";
		};
		4D3B51221C4A646600801668 /* Icones */ = {
			isa = PBXGroup;
			children = (
				4D3B512E1C4A6D5B00801668 /* Menu */,
			);
			name = Icones;
			sourceTree = "<group>";
		};
		4D3B51231C4A646E00801668 /* Outras */ = {
			isa = PBXGroup;
			children = (
				4D3B51241C4A647900801668 /* img_perfil.png */,
			);
			name = Outras;
			sourceTree = "<group>";
		};
		4D3B51261C4A64C800801668 /* Cells */ = {
			isa = PBXGroup;
			children = (
				4D3B51271C4A64EA00801668 /* PerfilTableViewCell.swift */,
				4D3B512C1C4A6CDA00801668 /* MenuTableViewCell.swift */,
			);
			name = Cells;
			sourceTree = "<group>";
		};
		4D3B51291C4A663000801668 /* Entidades */ = {
			isa = PBXGroup;
			children = (
				4D3B512A1C4A664600801668 /* Pessoa.swift */,
			);
			name = Entidades;
			sourceTree = "<group>";
		};
		4D3B512E1C4A6D5B00801668 /* Menu */ = {
			isa = PBXGroup;
			children = (
				4D3B51301C4A6D8600801668 /* ico_dashboard.png */,
				4D3B51311C4A6D8600801668 /* ico_sobre_o_app.png */,
				4D3B51321C4A6D8600801668 /* ico_minha_conta.png */,
				4D3B51331C4A6D8600801668 /* ico_notificacoes.png */,
				4D3B51341C4A6D8600801668 /* ico_mensagem.png */,
				4D3B51351C4A6D8600801668 /* ico_afiliados.png */,
				4D3B51361C4A6D8600801668 /* ico_meus_produtos.png */,
				4D3B51371C4A6D8600801668 /* ico_minhas_vendas.png */,
			);
			name = Menu;
			sourceTree = "<group>";
		};
/* End PBXGroup section */

/* Begin PBXNativeTarget section */
		4D3B50FE1C484FBC00801668 /* Teste desenvolvedor iOS */ = {
			isa = PBXNativeTarget;
			buildConfigurationList = 4D3B51111C484FBC00801668 /* Build configuration list for PBXNativeTarget "Teste desenvolvedor iOS" */;
			buildPhases = (
				4D3B50FB1C484FBC00801668 /* Sources */,
				4D3B50FC1C484FBC00801668 /* Frameworks */,
				4D3B50FD1C484FBC00801668 /* Resources */,
			);
			buildRules = (
			);
			dependencies = (
			);
			name = "Teste desenvolvedor iOS";
			productName = "Teste desenvolvedor iOS";
			productReference = 4D3B50FF1C484FBC00801668 /* Teste desenvolvedor iOS.app */;
			productType = "com.apple.product-type.application";
		};
/* End PBXNativeTarget section */

/* Begin PBXProject section */
		4D3B50F71C484FBC00801668 /* Project object */ = {
			isa = PBXProject;
			attributes = {
				LastSwiftUpdateCheck = 0720;
				LastUpgradeCheck = 0720;
				ORGANIZATIONNAME = "Raffael Patrício de Souza";
				TargetAttributes = {
					4D3B50FE1C484FBC00801668 = {
						CreatedOnToolsVersion = 7.2;
					};
				};
			};
			buildConfigurationList = 4D3B50FA1C484FBC00801668 /* Build configuration list for PBXProject "Teste desenvolvedor iOS" */;
			compatibilityVersion = "Xcode 3.2";
			developmentRegion = English;
			hasScannedForEncodings = 0;
			knownRegions = (
				en,
				Base,
			);
			mainGroup = 4D3B50F61C484FBC00801668;
			productRefGroup = 4D3B51001C484FBC00801668 /* Products */;
			projectDirPath = "";
			projectRoot = "";
			targets = (
				4D3B50FE1C484FBC00801668 /* Teste desenvolvedor iOS */,
			);
		};
/* End PBXProject section */

/* Begin PBXResourcesBuildPhase section */
		4D3B50FD1C484FBC00801668 /* Resources */ = {
			isa = PBXResourcesBuildPhase;
			buildActionMask = 2147483647;
			files = (
				4D3B513B1C4A6D8600801668 /* ico_notificacoes.png in Resources */,
				4D3B510D1C484FBC00801668 /* LaunchScreen.storyboard in Resources */,
				4D3B510A1C484FBC00801668 /* Assets.xcassets in Resources */,
				4D3B513A1C4A6D8600801668 /* ico_minha_conta.png in Resources */,
				4D3B51081C484FBC00801668 /* Main.storyboard in Resources */,
				4D3B513E1C4A6D8600801668 /* ico_meus_produtos.png in Resources */,
				4D3B513F1C4A6D8600801668 /* ico_minhas_vendas.png in Resources */,
				4D3B51251C4A647900801668 /* img_perfil.png in Resources */,
				4D3B513D1C4A6D8600801668 /* ico_afiliados.png in Resources */,
				4D3B51381C4A6D8600801668 /* ico_dashboard.png in Resources */,
				4D3B513C1C4A6D8600801668 /* ico_mensagem.png in Resources */,
				4D3B51391C4A6D8600801668 /* ico_sobre_o_app.png in Resources */,
			);
			runOnlyForDeploymentPostprocessing = 0;
		};
/* End PBXResourcesBuildPhase section */

/* Begin PBXSourcesBuildPhase section */
		4D3B50FB1C484FBC00801668 /* Sources */ = {
			isa = PBXSourcesBuildPhase;
			buildActionMask = 2147483647;
			files = (
				4D3B511A1C48515D00801668 /* KYEmbedDrawerControllerSegue.swift in Sources */,
				4D3B51281C4A64EA00801668 /* PerfilTableViewCell.swift in Sources */,
				4D3B51211C4868F500801668 /* DashboardViewController.swift in Sources */,
				4D3B51191C48515D00801668 /* KYDrawerController.swift in Sources */,
				4D3B512D1C4A6CDA00801668 /* MenuTableViewCell.swift in Sources */,
				4D3B512B1C4A664600801668 /* Pessoa.swift in Sources */,
				4D3B511F1C48674F00801668 /* MenuTableViewController.swift in Sources */,
				4D3B511B1C48515D00801668 /* KYEmbedMainControllerSegue.swift in Sources */,
				4D3B51051C484FBC00801668 /* ViewController.swift in Sources */,
				4D3B51031C484FBC00801668 /* AppDelegate.swift in Sources */,
			);
			runOnlyForDeploymentPostprocessing = 0;
		};
/* End PBXSourcesBuildPhase section */

/* Begin PBXVariantGroup section */
		4D3B51061C484FBC00801668 /* Main.storyboard */ = {
			isa = PBXVariantGroup;
			children = (
				4D3B51071C484FBC00801668 /* Base */,
			);
			name = Main.storyboard;
			sourceTree = "<group>";
		};
		4D3B510B1C484FBC00801668 /* LaunchScreen.storyboard */ = {
			isa = PBXVariantGroup;
			children = (
				4D3B510C1C484FBC00801668 /* Base */,
			);
			name = LaunchScreen.storyboard;
			sourceTree = "<group>";
		};
/* End PBXVariantGroup section */

/* Begin XCBuildConfiguration section */
		4D3B510F1C484FBC00801668 /* Debug */ = {
			isa = XCBuildConfiguration;
			buildSettings = {
				ALWAYS_SEARCH_USER_PATHS = NO;
				CLANG_CXX_LANGUAGE_STANDARD = "gnu++0x";
				CLANG_CXX_LIBRARY = "libc++";
				CLANG_ENABLE_MODULES = YES;
				CLANG_ENABLE_OBJC_ARC = YES;
				CLANG_WARN_BOOL_CONVERSION = YES;
				CLANG_WARN_CONSTANT_CONVERSION = YES;
				CLANG_WARN_DIRECT_OBJC_ISA_USAGE = YES_ERROR;
				CLANG_WARN_EMPTY_BODY = YES;
				CLANG_WARN_ENUM_CONVERSION = YES;
				CLANG_WARN_INT_CONVERSION = YES;
				CLANG_WARN_OBJC_ROOT_CLASS = YES_ERROR;
				CLANG_WARN_UNREACHABLE_CODE = YES;
				CLANG_WARN__DUPLICATE_METHOD_MATCH = YES;
				"CODE_SIGN_IDENTITY[sdk=iphoneos*]" = "iPhone Developer";
				COPY_PHASE_STRIP = NO;
				DEBUG_INFORMATION_FORMAT = dwarf;
				ENABLE_STRICT_OBJC_MSGSEND = YES;
				ENABLE_TESTABILITY = YES;
				GCC_C_LANGUAGE_STANDARD = gnu99;
				GCC_DYNAMIC_NO_PIC = NO;
				GCC_NO_COMMON_BLOCKS = YES;
				GCC_OPTIMIZATION_LEVEL = 0;
				GCC_PREPROCESSOR_DEFINITIONS = (
					"DEBUG=1",
					"$(inherited)",
				);
				GCC_WARN_64_TO_32_BIT_CONVERSION = YES;
				GCC_WARN_ABOUT_RETURN_TYPE = YES_ERROR;
				GCC_WARN_UNDECLARED_SELECTOR = YES;
				GCC_WARN_UNINITIALIZED_AUTOS = YES_AGGRESSIVE;
				GCC_WARN_UNUSED_FUNCTION = YES;
				GCC_WARN_UNUSED_VARIABLE = YES;
				IPHONEOS_DEPLOYMENT_TARGET = 8.0;
				MTL_ENABLE_DEBUG_INFO = YES;
				ONLY_ACTIVE_ARCH = YES;
				SDKROOT = iphoneos;
				SWIFT_OPTIMIZATION_LEVEL = "-Onone";
			};
			name = Debug;
		};
		4D3B51101C484FBC00801668 /* Release */ = {
			isa = XCBuildConfiguration;
			buildSettings = {
				ALWAYS_SEARCH_USER_PATHS = NO;
				CLANG_CXX_LANGUAGE_STANDARD = "gnu++0x";
				CLANG_CXX_LIBRARY = "libc++";
				CLANG_ENABLE_MODULES = YES;
				CLANG_ENABLE_OBJC_ARC = YES;
				CLANG_WARN_BOOL_CONVERSION = YES;
				CLANG_WARN_CONSTANT_CONVERSION = YES;
				CLANG_WARN_DIRECT_OBJC_ISA_USAGE = YES_ERROR;
				CLANG_WARN_EMPTY_BODY = YES;
				CLANG_WARN_ENUM_CONVERSION = YES;
				CLANG_WARN_INT_CONVERSION = YES;
				CLANG_WARN_OBJC_ROOT_CLASS = YES_ERROR;
				CLANG_WARN_UNREACHABLE_CODE = YES;
				CLANG_WARN__DUPLICATE_METHOD_MATCH = YES;
				"CODE_SIGN_IDENTITY[sdk=iphoneos*]" = "iPhone Developer";
				COPY_PHASE_STRIP = NO;
				DEBUG_INFORMATION_FORMAT = "dwarf-with-dsym";
				ENABLE_NS_ASSERTIONS = NO;
				ENABLE_STRICT_OBJC_MSGSEND = YES;
				GCC_C_LANGUAGE_STANDARD = gnu99;
				GCC_NO_COMMON_BLOCKS = YES;
				GCC_WARN_64_TO_32_BIT_CONVERSION = YES;
				GCC_WARN_ABOUT_RETURN_TYPE = YES_ERROR;
				GCC_WARN_UNDECLARED_SELECTOR = YES;
				GCC_WARN_UNINITIALIZED_AUTOS = YES_AGGRESSIVE;
				GCC_WARN_UNUSED_FUNCTION = YES;
				GCC_WARN_UNUSED_VARIABLE = YES;
				IPHONEOS_DEPLOYMENT_TARGET = 8.0;
				MTL_ENABLE_DEBUG_INFO = NO;
				SDKROOT = iphoneos;
				VALIDATE_PRODUCT = YES;
			};
			name = Release;
		};
		4D3B51121C484FBC00801668 /* Debug */ = {
			isa = XCBuildConfiguration;
			buildSettings = {
				ASSETCATALOG_COMPILER_APPICON_NAME = AppIcon;
				INFOPLIST_FILE = "Teste desenvolvedor iOS/Info.plist";
				IPHONEOS_DEPLOYMENT_TARGET = 8.0;
				LD_RUNPATH_SEARCH_PATHS = "$(inherited) @executable_path/Frameworks";
				PRODUCT_BUNDLE_IDENTIFIER = "RPS.Teste-desenvolvedor-iOS";
				PRODUCT_NAME = "$(TARGET_NAME)";
			};
			name = Debug;
		};
		4D3B51131C484FBC00801668 /* Release */ = {
			isa = XCBuildConfiguration;
			buildSettings = {
				ASSETCATALOG_COMPILER_APPICON_NAME = AppIcon;
				INFOPLIST_FILE = "Teste desenvolvedor iOS/Info.plist";
				IPHONEOS_DEPLOYMENT_TARGET = 8.0;
				LD_RUNPATH_SEARCH_PATHS = "$(inherited) @executable_path/Frameworks";
				PRODUCT_BUNDLE_IDENTIFIER = "RPS.Teste-desenvolvedor-iOS";
				PRODUCT_NAME = "$(TARGET_NAME)";
			};
			name = Release;
		};
/* End XCBuildConfiguration section */

/* Begin XCConfigurationList section */
		4D3B50FA1C484FBC00801668 /* Build configuration list for PBXProject "Teste desenvolvedor iOS" */ = {
			isa = XCConfigurationList;
			buildConfigurations = (
				4D3B510F1C484FBC00801668 /* Debug */,
				4D3B51101C484FBC00801668 /* Release */,
			);
			defaultConfigurationIsVisible = 0;
			defaultConfigurationName = Release;
		};
		4D3B51111C484FBC00801668 /* Build configuration list for PBXNativeTarget "Teste desenvolvedor iOS" */ = {
			isa = XCConfigurationList;
			buildConfigurations = (
				4D3B51121C484FBC00801668 /* Debug */,
				4D3B51131C484FBC00801668 /* Release */,
			);
			defaultConfigurationIsVisible = 0;
			defaultConfigurationName = Release;
		};
/* End XCConfigurationList section */
	};
	rootObject = 4D3B50F71C484FBC00801668 /* Project object */;
}
